
Microsoft Visual Studio Solution File, Format Version 12.00
# Visual Studio Version 17
VisualStudioVersion = 17.9.34728.123
MinimumVisualStudioVersion = 10.0.40219.1
Project("{2150E333-8FDC-42A3-9474-1A3956D46DE8}") = "Domain", "Domain", "{7AEEBAD3-81DA-4EF9-830E-006E297EA432}"
EndProject
Project("{2150E333-8FDC-42A3-9474-1A3956D46DE8}") = "Infra.bus", "Infra.bus", "{CFB2F758-757F-40F1-9BCB-2B9CDDCCBB6C}"
EndProject
Project("{2150E333-8FDC-42A3-9474-1A3956D46DE8}") = "Infra.IoC", "Infra.IoC", "{1834CC14-B1BF-46FB-B0B3-07390BDE37D1}"
EndProject
Project("{2150E333-8FDC-42A3-9474-1A3956D46DE8}") = "Microservices", "Microservices", "{8D4855F6-C02C-445B-B84B-00F487D92864}"
EndProject
Project("{2150E333-8FDC-42A3-9474-1A3956D46DE8}") = "Presentation", "Presentation", "{E6081B1F-D99E-42F7-906F-2A3982072083}"
EndProject
Project("{9A19103F-16F7-4668-BE54-9A1E7A4F7556}") = "MicroRabbit.Domain.Core", "MicroRabbit.Domain.Core\MicroRabbit.Domain.Core.csproj", "{3481B6F2-745B-4310-A91D-E6537F19F29A}"
EndProject
Project("{9A19103F-16F7-4668-BE54-9A1E7A4F7556}") = "MicroRabbit.Infra.Bus", "MicroService.Infra.Bus\MicroRabbit.Infra.Bus.csproj", "{F191C2AF-C1B6-489A-8EB9-0C6DAA3DD8B5}"
EndProject
Project("{9A19103F-16F7-4668-BE54-9A1E7A4F7556}") = "MicroRabbit.infra.IoC", "MicroRabbit.infra.IoC\MicroRabbit.infra.IoC.csproj", "{91D88DD4-AC65-43BB-BD51-29BAB67E43BC}"
EndProject
Project("{2150E333-8FDC-42A3-9474-1A3956D46DE8}") = "Banking", "Banking", "{D568C22D-1933-4E69-B4FB-D305197EED96}"
EndProject
Project("{2150E333-8FDC-42A3-9474-1A3956D46DE8}") = "API", "API", "{B67124C3-D0D8-4A2D-85CC-9B5EFBDC0EC3}"
EndProject
Project("{2150E333-8FDC-42A3-9474-1A3956D46DE8}") = "Application", "Application", "{E2C925EB-61A3-4990-AF0D-28D557627055}"
EndProject
Project("{2150E333-8FDC-42A3-9474-1A3956D46DE8}") = "Domain", "Domain", "{171A7A3E-16EC-4825-9677-CDECFAD419C1}"
EndProject
Project("{2150E333-8FDC-42A3-9474-1A3956D46DE8}") = "Data", "Data", "{006E0BDB-6049-4048-8BE8-9AA6F52DD893}"
EndProject
Project("{9A19103F-16F7-4668-BE54-9A1E7A4F7556}") = "MicroRabbit.Banking.Api", "MicroRabbit.Banking.Api\MicroRabbit.Banking.Api.csproj", "{D4862868-13BE-4569-8CDE-373B05EE1358}"
EndProject
Project("{9A19103F-16F7-4668-BE54-9A1E7A4F7556}") = "MicroRabbit.Banking.Application", "MicroRabbit.Banking.Application\MicroRabbit.Banking.Application.csproj", "{54566DED-5F4B-45A1-BA99-78F3DC902B4C}"
EndProject
Project("{9A19103F-16F7-4668-BE54-9A1E7A4F7556}") = "MicroRabbit.Banking.Data", "MicroRabbit.Banking.Data\MicroRabbit.Banking.Data.csproj", "{4AB1CD01-5B02-407C-B0F8-269170DC2F13}"
EndProject
Project("{9A19103F-16F7-4668-BE54-9A1E7A4F7556}") = "MicroRabbit.Banking.Domain", "MicroRabbit.Banking.Domain\MicroRabbit.Banking.Domain.csproj", "{DBFC1F26-0275-432B-B401-680B61941466}"
EndProject
Project("{2150E333-8FDC-42A3-9474-1A3956D46DE8}") = "Transfer", "Transfer", "{F5C8117B-9D69-42AE-88B0-AFA30455B736}"
EndProject
Project("{2150E333-8FDC-42A3-9474-1A3956D46DE8}") = "API", "API", "{935C15B2-0EF4-4B02-99E1-BB016102DB8B}"
EndProject
Project("{2150E333-8FDC-42A3-9474-1A3956D46DE8}") = "Application", "Application", "{BC781847-CB61-4801-AE03-F52EAA031BB7}"
EndProject
Project("{2150E333-8FDC-42A3-9474-1A3956D46DE8}") = "Data", "Data", "{1CDE4D2B-7772-4D2E-A9EE-C0A79A079393}"
EndProject
Project("{2150E333-8FDC-42A3-9474-1A3956D46DE8}") = "Domain", "Domain", "{6F30CD9D-C546-48C4-9141-8FFCC019E281}"
EndProject
Project("{FAE04EC0-301F-11D3-BF4B-00C04F79EFBC}") = "MicroRabbit.Transfer.Api", "MicroRabbit.Transfer.Api\MicroRabbit.Transfer.Api.csproj", "{63C84DD5-5AEE-41FA-9631-40D5B1C0E15C}"
EndProject
Project("{FAE04EC0-301F-11D3-BF4B-00C04F79EFBC}") = "MicroRabbit.Transfer.Application", "MicroRabbit.Transfer.Application\MicroRabbit.Transfer.Application.csproj", "{CD41C15F-F41D-4751-91C9-22866414E86A}"
EndProject
Project("{FAE04EC0-301F-11D3-BF4B-00C04F79EFBC}") = "MicroRabbit.Transfer.Domain", "MicroRabbit.Transfer.Domain\MicroRabbit.Transfer.Domain.csproj", "{B7F4F167-57EF-4DD4-8501-AEBD9BED5199}"
EndProject
Project("{FAE04EC0-301F-11D3-BF4B-00C04F79EFBC}") = "MicroRabbit.Transfer.Data", "MicroRabbit.Transfer.Data\MicroRabbit.Transfer.Data.csproj", "{427CE6F8-2FF5-447A-A3F1-C5EAFD834462}"
EndProject
Global
	GlobalSection(SolutionConfigurationPlatforms) = preSolution
		Debug|Any CPU = Debug|Any CPU
		Release|Any CPU = Release|Any CPU
	EndGlobalSection
	GlobalSection(ProjectConfigurationPlatforms) = postSolution
		{3481B6F2-745B-4310-A91D-E6537F19F29A}.Debug|Any CPU.ActiveCfg = Debug|Any CPU
		{3481B6F2-745B-4310-A91D-E6537F19F29A}.Debug|Any CPU.Build.0 = Debug|Any CPU
		{3481B6F2-745B-4310-A91D-E6537F19F29A}.Release|Any CPU.ActiveCfg = Release|Any CPU
		{3481B6F2-745B-4310-A91D-E6537F19F29A}.Release|Any CPU.Build.0 = Release|Any CPU
		{F191C2AF-C1B6-489A-8EB9-0C6DAA3DD8B5}.Debug|Any CPU.ActiveCfg = Debug|Any CPU
		{F191C2AF-C1B6-489A-8EB9-0C6DAA3DD8B5}.Debug|Any CPU.Build.0 = Debug|Any CPU
		{F191C2AF-C1B6-489A-8EB9-0C6DAA3DD8B5}.Release|Any CPU.ActiveCfg = Release|Any CPU
		{F191C2AF-C1B6-489A-8EB9-0C6DAA3DD8B5}.Release|Any CPU.Build.0 = Release|Any CPU
		{91D88DD4-AC65-43BB-BD51-29BAB67E43BC}.Debug|Any CPU.ActiveCfg = Debug|Any CPU
		{91D88DD4-AC65-43BB-BD51-29BAB67E43BC}.Debug|Any CPU.Build.0 = Debug|Any CPU
		{91D88DD4-AC65-43BB-BD51-29BAB67E43BC}.Release|Any CPU.ActiveCfg = Release|Any CPU
		{91D88DD4-AC65-43BB-BD51-29BAB67E43BC}.Release|Any CPU.Build.0 = Release|Any CPU
		{D4862868-13BE-4569-8CDE-373B05EE1358}.Debug|Any CPU.ActiveCfg = Debug|Any CPU
		{D4862868-13BE-4569-8CDE-373B05EE1358}.Debug|Any CPU.Build.0 = Debug|Any CPU
		{D4862868-13BE-4569-8CDE-373B05EE1358}.Release|Any CPU.ActiveCfg = Release|Any CPU
		{D4862868-13BE-4569-8CDE-373B05EE1358}.Release|Any CPU.Build.0 = Release|Any CPU
		{54566DED-5F4B-45A1-BA99-78F3DC902B4C}.Debug|Any CPU.ActiveCfg = Debug|Any CPU
		{54566DED-5F4B-45A1-BA99-78F3DC902B4C}.Debug|Any CPU.Build.0 = Debug|Any CPU
		{54566DED-5F4B-45A1-BA99-78F3DC902B4C}.Release|Any CPU.ActiveCfg = Release|Any CPU
		{54566DED-5F4B-45A1-BA99-78F3DC902B4C}.Release|Any CPU.Build.0 = Release|Any CPU
		{4AB1CD01-5B02-407C-B0F8-269170DC2F13}.Debug|Any CPU.ActiveCfg = Debug|Any CPU
		{4AB1CD01-5B02-407C-B0F8-269170DC2F13}.Debug|Any CPU.Build.0 = Debug|Any CPU
		{4AB1CD01-5B02-407C-B0F8-269170DC2F13}.Release|Any CPU.ActiveCfg = Release|Any CPU
		{4AB1CD01-5B02-407C-B0F8-269170DC2F13}.Release|Any CPU.Build.0 = Release|Any CPU
		{DBFC1F26-0275-432B-B401-680B61941466}.Debug|Any CPU.ActiveCfg = Debug|Any CPU
		{DBFC1F26-0275-432B-B401-680B61941466}.Debug|Any CPU.Build.0 = Debug|Any CPU
		{DBFC1F26-0275-432B-B401-680B61941466}.Release|Any CPU.ActiveCfg = Release|Any CPU
		{DBFC1F26-0275-432B-B401-680B61941466}.Release|Any CPU.Build.0 = Release|Any CPU
		{63C84DD5-5AEE-41FA-9631-40D5B1C0E15C}.Debug|Any CPU.ActiveCfg = Debug|Any CPU
		{63C84DD5-5AEE-41FA-9631-40D5B1C0E15C}.Debug|Any CPU.Build.0 = Debug|Any CPU
		{63C84DD5-5AEE-41FA-9631-40D5B1C0E15C}.Release|Any CPU.ActiveCfg = Release|Any CPU
		{63C84DD5-5AEE-41FA-9631-40D5B1C0E15C}.Release|Any CPU.Build.0 = Release|Any CPU
		{CD41C15F-F41D-4751-91C9-22866414E86A}.Debug|Any CPU.ActiveCfg = Debug|Any CPU
		{CD41C15F-F41D-4751-91C9-22866414E86A}.Debug|Any CPU.Build.0 = Debug|Any CPU
		{CD41C15F-F41D-4751-91C9-22866414E86A}.Release|Any CPU.ActiveCfg = Release|Any CPU
		{CD41C15F-F41D-4751-91C9-22866414E86A}.Release|Any CPU.Build.0 = Release|Any CPU
		{B7F4F167-57EF-4DD4-8501-AEBD9BED5199}.Debug|Any CPU.ActiveCfg = Debug|Any CPU
		{B7F4F167-57EF-4DD4-8501-AEBD9BED5199}.Debug|Any CPU.Build.0 = Debug|Any CPU
		{B7F4F167-57EF-4DD4-8501-AEBD9BED5199}.Release|Any CPU.ActiveCfg = Release|Any CPU
		{B7F4F167-57EF-4DD4-8501-AEBD9BED5199}.Release|Any CPU.Build.0 = Release|Any CPU
		{427CE6F8-2FF5-447A-A3F1-C5EAFD834462}.Debug|Any CPU.ActiveCfg = Debug|Any CPU
		{427CE6F8-2FF5-447A-A3F1-C5EAFD834462}.Debug|Any CPU.Build.0 = Debug|Any CPU
		{427CE6F8-2FF5-447A-A3F1-C5EAFD834462}.Release|Any CPU.ActiveCfg = Release|Any CPU
		{427CE6F8-2FF5-447A-A3F1-C5EAFD834462}.Release|Any CPU.Build.0 = Release|Any CPU
	EndGlobalSection
	GlobalSection(SolutionProperties) = preSolution
		HideSolutionNode = FALSE
	EndGlobalSection
	GlobalSection(NestedProjects) = preSolution
		{3481B6F2-745B-4310-A91D-E6537F19F29A} = {7AEEBAD3-81DA-4EF9-830E-006E297EA432}
		{F191C2AF-C1B6-489A-8EB9-0C6DAA3DD8B5} = {CFB2F758-757F-40F1-9BCB-2B9CDDCCBB6C}
		{91D88DD4-AC65-43BB-BD51-29BAB67E43BC} = {1834CC14-B1BF-46FB-B0B3-07390BDE37D1}
		{D568C22D-1933-4E69-B4FB-D305197EED96} = {8D4855F6-C02C-445B-B84B-00F487D92864}
		{B67124C3-D0D8-4A2D-85CC-9B5EFBDC0EC3} = {D568C22D-1933-4E69-B4FB-D305197EED96}
		{E2C925EB-61A3-4990-AF0D-28D557627055} = {D568C22D-1933-4E69-B4FB-D305197EED96}
		{171A7A3E-16EC-4825-9677-CDECFAD419C1} = {D568C22D-1933-4E69-B4FB-D305197EED96}
		{006E0BDB-6049-4048-8BE8-9AA6F52DD893} = {D568C22D-1933-4E69-B4FB-D305197EED96}
		{D4862868-13BE-4569-8CDE-373B05EE1358} = {B67124C3-D0D8-4A2D-85CC-9B5EFBDC0EC3}
		{54566DED-5F4B-45A1-BA99-78F3DC902B4C} = {E2C925EB-61A3-4990-AF0D-28D557627055}
		{4AB1CD01-5B02-407C-B0F8-269170DC2F13} = {006E0BDB-6049-4048-8BE8-9AA6F52DD893}
		{DBFC1F26-0275-432B-B401-680B61941466} = {171A7A3E-16EC-4825-9677-CDECFAD419C1}
		{F5C8117B-9D69-42AE-88B0-AFA30455B736} = {8D4855F6-C02C-445B-B84B-00F487D92864}
		{935C15B2-0EF4-4B02-99E1-BB016102DB8B} = {F5C8117B-9D69-42AE-88B0-AFA30455B736}
		{BC781847-CB61-4801-AE03-F52EAA031BB7} = {F5C8117B-9D69-42AE-88B0-AFA30455B736}
		{1CDE4D2B-7772-4D2E-A9EE-C0A79A079393} = {F5C8117B-9D69-42AE-88B0-AFA30455B736}
		{6F30CD9D-C546-48C4-9141-8FFCC019E281} = {F5C8117B-9D69-42AE-88B0-AFA30455B736}
		{63C84DD5-5AEE-41FA-9631-40D5B1C0E15C} = {935C15B2-0EF4-4B02-99E1-BB016102DB8B}
		{CD41C15F-F41D-4751-91C9-22866414E86A} = {BC781847-CB61-4801-AE03-F52EAA031BB7}
		{B7F4F167-57EF-4DD4-8501-AEBD9BED5199} = {6F30CD9D-C546-48C4-9141-8FFCC019E281}
		{427CE6F8-2FF5-447A-A3F1-C5EAFD834462} = {1CDE4D2B-7772-4D2E-A9EE-C0A79A079393}
	EndGlobalSection
	GlobalSection(ExtensibilityGlobals) = postSolution
		SolutionGuid = {1008C7B6-5711-4AB7-860B-7210E61CFCE7}
	EndGlobalSection
EndGlobal
